
Microsoft Visual Studio Solution File, Format Version 12.00
# Visual Studio Version 16
VisualStudioVersion = 16.0.33801.447
MinimumVisualStudioVersion = 10.0.40219.1
Project("{FAE04EC0-301F-11D3-BF4B-00C04F79EFBC}") = "Guia5 ASP.Net", "Guia5 ASP.Net.csproj", "{F64DDE37-B43F-4725-898A-99F538BC9C31}"
EndProject
Global
	GlobalSection(SolutionConfigurationPlatforms) = preSolution
		Debug|Any CPU = Debug|Any CPU
		Release|Any CPU = Release|Any CPU
	EndGlobalSection
	GlobalSection(ProjectConfigurationPlatforms) = postSolution
		{F64DDE37-B43F-4725-898A-99F538BC9C31}.Debug|Any CPU.ActiveCfg = Debug|Any CPU
		{F64DDE37-B43F-4725-898A-99F538BC9C31}.Debug|Any CPU.Build.0 = Debug|Any CPU
		{F64DDE37-B43F-4725-898A-99F538BC9C31}.Release|Any CPU.ActiveCfg = Release|Any CPU
		{F64DDE37-B43F-4725-898A-99F538BC9C31}.Release|Any CPU.Build.0 = Release|Any CPU
	EndGlobalSection
	GlobalSection(SolutionProperties) = preSolution
		HideSolutionNode = FALSE
	EndGlobalSection
	GlobalSection(ExtensibilityGlobals) = postSolution
		SolutionGuid = {A5DB88A8-9C69-4698-9D9F-61B2E47DD972}
	EndGlobalSection
EndGlobal
